
Microsoft Visual Studio Solution File, Format Version 12.00
# Visual Studio Version 16
VisualStudioVersion = 16.0.29209.62
MinimumVisualStudioVersion = 10.0.40219.1
Project("{FAE04EC0-301F-11D3-BF4B-00C04F79EFBC}") = "ClassGenerator", "ClassGenerator\ClassGenerator.csproj", "{BB23632B-D4C5-48BA-A722-1B88C9BDAA0B}"
EndProject
Project("{FAE04EC0-301F-11D3-BF4B-00C04F79EFBC}") = "TestConsole", "TestConsole\TestConsole.csproj", "{CFA66BFF-6157-4003-B972-A9D000B95538}"
EndProject
Global
	GlobalSection(SolutionConfigurationPlatforms) = preSolution
		Debug|Any CPU = Debug|Any CPU
		Release|Any CPU = Release|Any CPU
	EndGlobalSection
	GlobalSection(ProjectConfigurationPlatforms) = postSolution
		{BB23632B-D4C5-48BA-A722-1B88C9BDAA0B}.Debug|Any CPU.ActiveCfg = Debug|Any CPU
		{BB23632B-D4C5-48BA-A722-1B88C9BDAA0B}.Debug|Any CPU.Build.0 = Debug|Any CPU
		{BB23632B-D4C5-48BA-A722-1B88C9BDAA0B}.Release|Any CPU.ActiveCfg = Release|Any CPU
		{BB23632B-D4C5-48BA-A722-1B88C9BDAA0B}.Release|Any CPU.Build.0 = Release|Any CPU
		{CFA66BFF-6157-4003-B972-A9D000B95538}.Debug|Any CPU.ActiveCfg = Debug|Any CPU
		{CFA66BFF-6157-4003-B972-A9D000B95538}.Debug|Any CPU.Build.0 = Debug|Any CPU
		{CFA66BFF-6157-4003-B972-A9D000B95538}.Release|Any CPU.ActiveCfg = Release|Any CPU
		{CFA66BFF-6157-4003-B972-A9D000B95538}.Release|Any CPU.Build.0 = Release|Any CPU
	EndGlobalSection
	GlobalSection(SolutionProperties) = preSolution
		HideSolutionNode = FALSE
	EndGlobalSection
	GlobalSection(ExtensibilityGlobals) = postSolution
		SolutionGuid = {14938591-51F6-42B5-BE43-A88D4D62C3AB}
	EndGlobalSection
EndGlobal
